{
  "version": 4,
  "terraform_version": "0.12.7",
  "serial": 5,
  "lineage": "63ab57d9-7ea6-7ccf-d399-cda3ce487084",
  "outputs": {
    "name": {
      "value": "value",
      "type": "string"
    }
  },
  "resources": [
    {
      "mode": "managed",
      "type": "google_compute_disk",
      "name": "disk",
      "provider": "provider.google",
      "instances": [
        {
          "schema_version": 0,
          "attributes": {
            "creation_timestamp": "2019-11-06T16:30:59.739-08:00",
            "description": "",
            "disk_encryption_key": [],
            "disk_encryption_key_raw": null,
            "disk_encryption_key_sha256": null,
            "id": "test-disk",
            "image": "https://www.googleapis.com/compute/v1/projects/debian-cloud/global/images/debian-8-jessie-v20170523",
            "label_fingerprint": "a6HI36FuYIQ=",
            "labels": {
              "environment": "dev"
            },
            "last_attach_timestamp": "",
            "last_detach_timestamp": "",
            "name": "test-disk",
            "physical_block_size_bytes": 4096,
            "project": "test-wu1",
            "self_link": "https://www.googleapis.com/compute/v1/projects/test-wu1/zones/us-east1-b/disks/test-disk",
            "size": 10,
            "snapshot": "",
            "source_image_encryption_key": [],
            "source_image_id": "2405673006522696145",
            "source_snapshot_encryption_key": [],
            "source_snapshot_id": "",
            "timeouts": null,
            "type": "pd-ssd",
            "users": [],
            "zone": "us-east1-b"
          },
          "private": "eyJlMmJmYjczMC1lY2FhLTExZTYtOGY4OC0zNDM2M2JjN2M0YzAiOnsiY3JlYXRlIjozMDAwMDAwMDAwMDAsImRlbGV0ZSI6MjQwMDAwMDAwMDAwLCJ1cGRhdGUiOjI0MDAwMDAwMDAwMH19"
        }
      ]
    },
    {
      "mode": "managed",
      "type": "google_compute_firewall",
      "name": "default",
      "provider": "provider.google",
      "instances": [
        {
          "schema_version": 1,
          "attributes": {
            "allow": [
              {
                "ports": [
                  "80",
                  "8080",
                  "1000-2000"
                ],
                "protocol": "tcp"
              },
              {
                "ports": [],
                "protocol": "icmp"
              }
            ],
            "creation_timestamp": "2019-11-06T16:31:15.159-08:00",
            "deny": [],
            "description": "",
            "destination_ranges": [],
            "direction": "INGRESS",
            "disabled": false,
            "id": "test-firewall",
            "name": "test-firewall",
            "network": "https://www.googleapis.com/compute/v1/projects/test-wu1/global/networks/test-vpc",
            "priority": 1000,
            "project": "test-wu1",
            "self_link": "https://www.googleapis.com/compute/v1/projects/test-wu1/global/firewalls/test-firewall",
            "source_ranges": [
              "0.0.0.0/0"
            ],
            "source_service_accounts": null,
            "source_tags": null,
            "target_service_accounts": null,
            "target_tags": null,
            "timeouts": null
          },
          "private": "eyJlMmJmYjczMC1lY2FhLTExZTYtOGY4OC0zNDM2M2JjN2M0YzAiOnsiY3JlYXRlIjoyNDAwMDAwMDAwMDAsImRlbGV0ZSI6MjQwMDAwMDAwMDAwLCJ1cGRhdGUiOjI0MDAwMDAwMDAwMH0sInNjaGVtYV92ZXJzaW9uIjoiMSJ9",
          "depends_on": [
            "google_compute_network.vpc-network"
          ]
        }
      ]
    },
    {
      "mode": "managed",
      "type": "google_compute_network",
      "name": "vpc-network",
      "provider": "provider.google",
      "instances": [
        {
          "schema_version": 0,
          "attributes": {
            "auto_create_subnetworks": false,
            "delete_default_routes_on_create": false,
            "description": "",
            "gateway_ipv4": "",
            "id": "test-vpc",
            "ipv4_range": "",
            "name": "test-vpc",
            "project": "test-wu1",
            "routing_mode": "REGIONAL",
            "self_link": "https://www.googleapis.com/compute/v1/projects/test-wu1/global/networks/test-vpc",
            "timeouts": null
          },
          "private": "eyJlMmJmYjczMC1lY2FhLTExZTYtOGY4OC0zNDM2M2JjN2M0YzAiOnsiY3JlYXRlIjoyNDAwMDAwMDAwMDAsImRlbGV0ZSI6MjQwMDAwMDAwMDAwLCJ1cGRhdGUiOjI0MDAwMDAwMDAwMH19"
        }
      ]
    },
    {
      "mode": "managed",
      "type": "google_compute_subnetwork",
      "name": "vpc-subnet",
      "provider": "provider.google",
      "instances": [
        {
          "schema_version": 0,
          "attributes": {
            "creation_timestamp": "2019-11-06T16:31:15.761-08:00",
            "description": "",
            "enable_flow_logs": false,
            "fingerprint": "heCegp3nlfc=",
            "gateway_address": "10.0.0.1",
            "id": "us-central1/subnet-test-vpc",
            "ip_cidr_range": "10.0.0.0/16",
            "log_config": [],
            "name": "subnet-test-vpc",
            "network": "https://www.googleapis.com/compute/v1/projects/test-wu1/global/networks/test-vpc",
            "private_ip_google_access": false,
            "project": "test-wu1",
            "region": "us-central1",
            "secondary_ip_range": [],
            "self_link": "https://www.googleapis.com/compute/v1/projects/test-wu1/regions/us-central1/subnetworks/subnet-test-vpc",
            "timeouts": null
          },
          "private": "eyJlMmJmYjczMC1lY2FhLTExZTYtOGY4OC0zNDM2M2JjN2M0YzAiOnsiY3JlYXRlIjozNjAwMDAwMDAwMDAsImRlbGV0ZSI6MzYwMDAwMDAwMDAwLCJ1cGRhdGUiOjM2MDAwMDAwMDAwMH19",
          "depends_on": [
            "google_compute_network.vpc-network"
          ]
        }
      ]
    }
  ]
}
